
Microsoft Visual Studio Solution File, Format Version 12.00
# Visual Studio Version 17
VisualStudioVersion = 17.2.32526.322
MinimumVisualStudioVersion = 10.0.40219.1
Project("{9A19103F-16F7-4668-BE54-9A1E7A4F7556}") = "SDK", "SDK.csproj", "{DA39B6B4-92B8-4314-99C5-15BE96522B15}"
EndProject
Global
	GlobalSection(SolutionConfigurationPlatforms) = preSolution
		Debug|Any CPU = Debug|Any CPU
		Release|Any CPU = Release|Any CPU
	EndGlobalSection
	GlobalSection(ProjectConfigurationPlatforms) = postSolution
		{DA39B6B4-92B8-4314-99C5-15BE96522B15}.Debug|Any CPU.ActiveCfg = Release|Any CPU
		{DA39B6B4-92B8-4314-99C5-15BE96522B15}.Debug|Any CPU.Build.0 = Release|Any CPU
		{DA39B6B4-92B8-4314-99C5-15BE96522B15}.Release|Any CPU.ActiveCfg = Release|Any CPU
		{DA39B6B4-92B8-4314-99C5-15BE96522B15}.Release|Any CPU.Build.0 = Release|Any CPU
	EndGlobalSection
	GlobalSection(SolutionProperties) = preSolution
		HideSolutionNode = FALSE
	EndGlobalSection
	GlobalSection(ExtensibilityGlobals) = postSolution
		SolutionGuid = {5E1992A8-20F8-4AD8-A352-44999FBCA83F}
	EndGlobalSection
EndGlobal
